
Microsoft Visual Studio Solution File, Format Version 12.00
# Visual Studio 2013
VisualStudioVersion = 12.0.31101.0
MinimumVisualStudioVersion = 10.0.40219.1
Project("{FAE04EC0-301F-11D3-BF4B-00C04F79EFBC}") = "DavideTrotta.SignalR.Server", "DavideTrotta.SignalR.Server\DavideTrotta.SignalR.Server.csproj", "{E1E1E7D5-CE0E-42A1-BA41-27D49D200859}"
EndProject
Project("{FAE04EC0-301F-11D3-BF4B-00C04F79EFBC}") = "DavideTrotta.SignalR.Web.Client", "DavideTrotta.SignalR.Web.Client\DavideTrotta.SignalR.Web.Client.csproj", "{508B00D3-1488-4719-9095-A8606CF3C3F6}"
EndProject
Project("{FAE04EC0-301F-11D3-BF4B-00C04F79EFBC}") = "DavideTrotta.SignalR.Console.Client", "DavideTrotta.SignalR.Console.Client\DavideTrotta.SignalR.Console.Client.csproj", "{E7DFE84A-C802-4E71-AECE-BF0533F39EA3}"
EndProject
Global
	GlobalSection(SolutionConfigurationPlatforms) = preSolution
		Debug|Any CPU = Debug|Any CPU
		Release|Any CPU = Release|Any CPU
	EndGlobalSection
	GlobalSection(ProjectConfigurationPlatforms) = postSolution
		{E1E1E7D5-CE0E-42A1-BA41-27D49D200859}.Debug|Any CPU.ActiveCfg = Debug|Any CPU
		{E1E1E7D5-CE0E-42A1-BA41-27D49D200859}.Debug|Any CPU.Build.0 = Debug|Any CPU
		{E1E1E7D5-CE0E-42A1-BA41-27D49D200859}.Release|Any CPU.ActiveCfg = Release|Any CPU
		{E1E1E7D5-CE0E-42A1-BA41-27D49D200859}.Release|Any CPU.Build.0 = Release|Any CPU
		{508B00D3-1488-4719-9095-A8606CF3C3F6}.Debug|Any CPU.ActiveCfg = Debug|Any CPU
		{508B00D3-1488-4719-9095-A8606CF3C3F6}.Debug|Any CPU.Build.0 = Debug|Any CPU
		{508B00D3-1488-4719-9095-A8606CF3C3F6}.Release|Any CPU.ActiveCfg = Release|Any CPU
		{508B00D3-1488-4719-9095-A8606CF3C3F6}.Release|Any CPU.Build.0 = Release|Any CPU
		{E7DFE84A-C802-4E71-AECE-BF0533F39EA3}.Debug|Any CPU.ActiveCfg = Debug|Any CPU
		{E7DFE84A-C802-4E71-AECE-BF0533F39EA3}.Debug|Any CPU.Build.0 = Debug|Any CPU
		{E7DFE84A-C802-4E71-AECE-BF0533F39EA3}.Release|Any CPU.ActiveCfg = Release|Any CPU
		{E7DFE84A-C802-4E71-AECE-BF0533F39EA3}.Release|Any CPU.Build.0 = Release|Any CPU
	EndGlobalSection
	GlobalSection(SolutionProperties) = preSolution
		HideSolutionNode = FALSE
	EndGlobalSection
EndGlobal
